
Microsoft Visual Studio Solution File, Format Version 12.00
Project("{FAE04EC0-301F-11D3-BF4B-00C04F79EFBC}") = "Hackathon.Api", "Hackathon.Api\Hackathon.Api.csproj", "{DFA792D6-A482-4B91-B1A1-850C57788230}"
EndProject
Project("{FAE04EC0-301F-11D3-BF4B-00C04F79EFBC}") = "Hackathon.Repository", "Hackathon.Repository\Hackathon.Repository.csproj", "{D939A2AE-B153-4198-964B-9D4F0D432599}"
EndProject
Project("{FAE04EC0-301F-11D3-BF4B-00C04F79EFBC}") = "Hackathon.Service", "Hackathon.Service\Hackathon.Service.csproj", "{127D11F1-DB34-45BF-ACE8-01D8801F86CB}"
EndProject
Global
	GlobalSection(SolutionConfigurationPlatforms) = preSolution
		Debug|Any CPU = Debug|Any CPU
		Release|Any CPU = Release|Any CPU
	EndGlobalSection
	GlobalSection(ProjectConfigurationPlatforms) = postSolution
		{DFA792D6-A482-4B91-B1A1-850C57788230}.Debug|Any CPU.ActiveCfg = Debug|Any CPU
		{DFA792D6-A482-4B91-B1A1-850C57788230}.Debug|Any CPU.Build.0 = Debug|Any CPU
		{DFA792D6-A482-4B91-B1A1-850C57788230}.Release|Any CPU.ActiveCfg = Release|Any CPU
		{DFA792D6-A482-4B91-B1A1-850C57788230}.Release|Any CPU.Build.0 = Release|Any CPU
		{D939A2AE-B153-4198-964B-9D4F0D432599}.Debug|Any CPU.ActiveCfg = Debug|Any CPU
		{D939A2AE-B153-4198-964B-9D4F0D432599}.Debug|Any CPU.Build.0 = Debug|Any CPU
		{D939A2AE-B153-4198-964B-9D4F0D432599}.Release|Any CPU.ActiveCfg = Release|Any CPU
		{D939A2AE-B153-4198-964B-9D4F0D432599}.Release|Any CPU.Build.0 = Release|Any CPU
		{127D11F1-DB34-45BF-ACE8-01D8801F86CB}.Debug|Any CPU.ActiveCfg = Debug|Any CPU
		{127D11F1-DB34-45BF-ACE8-01D8801F86CB}.Debug|Any CPU.Build.0 = Debug|Any CPU
		{127D11F1-DB34-45BF-ACE8-01D8801F86CB}.Release|Any CPU.ActiveCfg = Release|Any CPU
		{127D11F1-DB34-45BF-ACE8-01D8801F86CB}.Release|Any CPU.Build.0 = Release|Any CPU
	EndGlobalSection
EndGlobal
